# This file is automatically @generated by Cargo.
# It is not intended for manual editing.
version = 4

[[package]]
name = "uldren-core-contracts"
version = "0.0.0"

[[package]]
name = "uldren-core-domain"
version = "0.0.0"

[[package]]
name = "uldren-core-persistence"
version = "0.0.0"

[[package]]
name = "uldren-core-security"
version = "0.0.0"

[[package]]
name = "uldren-core-services"
version = "0.0.0"

[[package]]
name = "uldren-core-synchronization"
version = "0.0.0"

[[package]]
name = "uldren-core-uniffi"
version = "0.0.0"
